
Microsoft Visual Studio Solution File, Format Version 12.00
# Visual Studio Version 16
VisualStudioVersion = 25.0.1706.1
MinimumVisualStudioVersion = 10.0.40219.1
Project("{FAE04EC0-301F-11D3-BF4B-00C04F79EFBC}") = "SRP_Demo", "SRP_Demo\SRP_Demo.csproj", "{6A7DFFF1-18EC-4940-80B8-7E0A053CEF7D}"
EndProject
Global
	GlobalSection(SolutionConfigurationPlatforms) = preSolution
		Debug|Any CPU = Debug|Any CPU
		Release|Any CPU = Release|Any CPU
	EndGlobalSection
	GlobalSection(ProjectConfigurationPlatforms) = postSolution
		{6A7DFFF1-18EC-4940-80B8-7E0A053CEF7D}.Debug|Any CPU.ActiveCfg = Debug|Any CPU
		{6A7DFFF1-18EC-4940-80B8-7E0A053CEF7D}.Debug|Any CPU.Build.0 = Debug|Any CPU
		{6A7DFFF1-18EC-4940-80B8-7E0A053CEF7D}.Release|Any CPU.ActiveCfg = Release|Any CPU
		{6A7DFFF1-18EC-4940-80B8-7E0A053CEF7D}.Release|Any CPU.Build.0 = Release|Any CPU
	EndGlobalSection
	GlobalSection(SolutionProperties) = preSolution
		HideSolutionNode = FALSE
	EndGlobalSection
	GlobalSection(ExtensibilityGlobals) = postSolution
		SolutionGuid = {5BF183C2-FFD0-494A-9C1A-A6F35B472BF6}
	EndGlobalSection
EndGlobal
